{
  "name": "3h-log",
  "version": "3.1.1",
  "lockfileVersion": 1,
  "requires": true,
  "dependencies": {
    "3h-time": {
      "version": "1.2.1",
      "resolved": "https://registry.npm.taobao.org/3h-time/download/3h-time-1.2.1.tgz",
      "integrity": "sha1-eDRAPZolfoWaYM7RiOfh1fnPALo="
    },
    "typescript": {
      "version": "3.0.1",
      "resolved": "https://registry.npmjs.org/typescript/-/typescript-3.0.1.tgz",
      "integrity": "sha512-zQIMOmC+372pC/CCVLqnQ0zSBiY7HHodU7mpQdjiZddek4GMj31I3dUJ7gAs9o65X7mnRma6OokOkc6f9jjfBg==",
      "dev": true
    }
  }
}
