{
  "name": "3h-log",
  "version": "3.1.1",
  "lockfileVersion": 1,
  "requires": true,
  "dependencies": {
    "3h-time": {
      "version": "0.1.5",
      "resolved": "https://registry.npmjs.org/3h-time/-/3h-time-0.1.5.tgz",
      "integrity": "sha512-zLegmsU5UnDgT6AU6D5s03sI5MnYrdMOssTD+t1b0Fj7g/Q6Q++KSRR8Rr2YpHYwhhmKmFZ94QJvtw1F7IE9Xw=="
    },
    "typescript": {
      "version": "3.0.1",
      "resolved": "https://registry.npmjs.org/typescript/-/typescript-3.0.1.tgz",
      "integrity": "sha512-zQIMOmC+372pC/CCVLqnQ0zSBiY7HHodU7mpQdjiZddek4GMj31I3dUJ7gAs9o65X7mnRma6OokOkc6f9jjfBg==",
      "dev": true
    }
  }
}
